{
    "name": "@ore-ui-customizer-api/plugin-env",
    "version": "1.0.0",
    "lockfileVersion": 3,
    "requires": true,
    "packages": {
        "": {
            "name": "@ore-ui-customizer-api/plugin-env",
            "version": "1.0.0",
            "license": "MIT",
            "dependencies": {
                "ore-ui-customizer-types": "^1.0.2"
            }
        },
        "node_modules/ore-ui-customizer-types": {
            "version": "1.0.2",
            "resolved": "https://registry.npmjs.org/ore-ui-customizer-types/-/ore-ui-customizer-types-1.0.2.tgz",
            "integrity": "sha512-XPkowMg1sTpqt3C90u1nCCIzBcwcrC9+VJW0I0wygkvHcPqCsVhLaRxtCAgJhE6Cwc7oyWSkbBCGoPwwkCSefg==",
            "license": "MIT"
        }
    }
}
